
Microsoft Visual Studio Solution File, Format Version 12.00
# Visual Studio 2013
VisualStudioVersion = 12.0.30110.0
MinimumVisualStudioVersion = 10.0.40219.1
Project("{FAE04EC0-301F-11D3-BF4B-00C04F79EFBC}") = "Mvvm", "Mvvm.csproj", "{14CDF2D3-403E-4C4C-8718-990914680286}"
EndProject
Project("{FAE04EC0-301F-11D3-BF4B-00C04F79EFBC}") = "MvvmTests", "MvvmTests\MvvmTests.csproj", "{07C03C10-BE66-4FB4-AB59-AC76301E93FF}"
EndProject
Project("{FAE04EC0-301F-11D3-BF4B-00C04F79EFBC}") = "TestConsole", "TestConsole\TestConsole.csproj", "{17FBEB28-6CB0-490D-89E1-06062C1D7BFF}"
EndProject
Project("{FAE04EC0-301F-11D3-BF4B-00C04F79EFBC}") = "ReferenceCode", "ReferenceCode\ReferenceCode.csproj", "{1A787F04-856F-4B25-8EE8-D27218F7F8D5}"
EndProject
Project("{F2A71F9B-5D33-465A-A702-920D77279786}") = "MvvmFS", "DuckTypingFS\MvvmFS.fsproj", "{4E6F4477-3602-412E-8B25-E818F5BCA0A2}"
EndProject
Project("{FAE04EC0-301F-11D3-BF4B-00C04F79EFBC}") = "Mvvm_WP8", "Mvvm_WP8.csproj", "{DCF43062-EA1B-4F07-B31A-DC587A3A6A97}"
EndProject
Global
	GlobalSection(SolutionConfigurationPlatforms) = preSolution
		Debug|Any CPU = Debug|Any CPU
		Debug|ARM = Debug|ARM
		Debug|x86 = Debug|x86
		Release|Any CPU = Release|Any CPU
		Release|ARM = Release|ARM
		Release|x86 = Release|x86
	EndGlobalSection
	GlobalSection(ProjectConfigurationPlatforms) = postSolution
		{14CDF2D3-403E-4C4C-8718-990914680286}.Debug|Any CPU.ActiveCfg = Debug|Any CPU
		{14CDF2D3-403E-4C4C-8718-990914680286}.Debug|Any CPU.Build.0 = Debug|Any CPU
		{14CDF2D3-403E-4C4C-8718-990914680286}.Debug|ARM.ActiveCfg = Debug|Any CPU
		{14CDF2D3-403E-4C4C-8718-990914680286}.Debug|x86.ActiveCfg = Debug|x86
		{14CDF2D3-403E-4C4C-8718-990914680286}.Debug|x86.Build.0 = Debug|x86
		{14CDF2D3-403E-4C4C-8718-990914680286}.Release|Any CPU.ActiveCfg = Release|Any CPU
		{14CDF2D3-403E-4C4C-8718-990914680286}.Release|Any CPU.Build.0 = Release|Any CPU
		{14CDF2D3-403E-4C4C-8718-990914680286}.Release|ARM.ActiveCfg = Release|Any CPU
		{14CDF2D3-403E-4C4C-8718-990914680286}.Release|x86.ActiveCfg = Release|x86
		{14CDF2D3-403E-4C4C-8718-990914680286}.Release|x86.Build.0 = Release|x86
		{07C03C10-BE66-4FB4-AB59-AC76301E93FF}.Debug|Any CPU.ActiveCfg = Debug|Any CPU
		{07C03C10-BE66-4FB4-AB59-AC76301E93FF}.Debug|Any CPU.Build.0 = Debug|Any CPU
		{07C03C10-BE66-4FB4-AB59-AC76301E93FF}.Debug|ARM.ActiveCfg = Debug|Any CPU
		{07C03C10-BE66-4FB4-AB59-AC76301E93FF}.Debug|x86.ActiveCfg = Debug|x86
		{07C03C10-BE66-4FB4-AB59-AC76301E93FF}.Debug|x86.Build.0 = Debug|x86
		{07C03C10-BE66-4FB4-AB59-AC76301E93FF}.Release|Any CPU.ActiveCfg = Release|Any CPU
		{07C03C10-BE66-4FB4-AB59-AC76301E93FF}.Release|Any CPU.Build.0 = Release|Any CPU
		{07C03C10-BE66-4FB4-AB59-AC76301E93FF}.Release|ARM.ActiveCfg = Release|Any CPU
		{07C03C10-BE66-4FB4-AB59-AC76301E93FF}.Release|x86.ActiveCfg = Release|x86
		{07C03C10-BE66-4FB4-AB59-AC76301E93FF}.Release|x86.Build.0 = Release|x86
		{17FBEB28-6CB0-490D-89E1-06062C1D7BFF}.Debug|Any CPU.ActiveCfg = Debug|Any CPU
		{17FBEB28-6CB0-490D-89E1-06062C1D7BFF}.Debug|Any CPU.Build.0 = Debug|Any CPU
		{17FBEB28-6CB0-490D-89E1-06062C1D7BFF}.Debug|ARM.ActiveCfg = Debug|Any CPU
		{17FBEB28-6CB0-490D-89E1-06062C1D7BFF}.Debug|x86.ActiveCfg = Debug|x86
		{17FBEB28-6CB0-490D-89E1-06062C1D7BFF}.Debug|x86.Build.0 = Debug|x86
		{17FBEB28-6CB0-490D-89E1-06062C1D7BFF}.Release|Any CPU.ActiveCfg = Release|Any CPU
		{17FBEB28-6CB0-490D-89E1-06062C1D7BFF}.Release|Any CPU.Build.0 = Release|Any CPU
		{17FBEB28-6CB0-490D-89E1-06062C1D7BFF}.Release|ARM.ActiveCfg = Release|Any CPU
		{17FBEB28-6CB0-490D-89E1-06062C1D7BFF}.Release|x86.ActiveCfg = Release|x86
		{17FBEB28-6CB0-490D-89E1-06062C1D7BFF}.Release|x86.Build.0 = Release|x86
		{1A787F04-856F-4B25-8EE8-D27218F7F8D5}.Debug|Any CPU.ActiveCfg = Debug|Any CPU
		{1A787F04-856F-4B25-8EE8-D27218F7F8D5}.Debug|Any CPU.Build.0 = Debug|Any CPU
		{1A787F04-856F-4B25-8EE8-D27218F7F8D5}.Debug|ARM.ActiveCfg = Debug|Any CPU
		{1A787F04-856F-4B25-8EE8-D27218F7F8D5}.Debug|x86.ActiveCfg = Debug|Any CPU
		{1A787F04-856F-4B25-8EE8-D27218F7F8D5}.Release|Any CPU.ActiveCfg = Release|Any CPU
		{1A787F04-856F-4B25-8EE8-D27218F7F8D5}.Release|Any CPU.Build.0 = Release|Any CPU
		{1A787F04-856F-4B25-8EE8-D27218F7F8D5}.Release|ARM.ActiveCfg = Release|Any CPU
		{1A787F04-856F-4B25-8EE8-D27218F7F8D5}.Release|x86.ActiveCfg = Release|Any CPU
		{4E6F4477-3602-412E-8B25-E818F5BCA0A2}.Debug|Any CPU.ActiveCfg = Debug|Any CPU
		{4E6F4477-3602-412E-8B25-E818F5BCA0A2}.Debug|Any CPU.Build.0 = Debug|Any CPU
		{4E6F4477-3602-412E-8B25-E818F5BCA0A2}.Debug|ARM.ActiveCfg = Debug|Any CPU
		{4E6F4477-3602-412E-8B25-E818F5BCA0A2}.Debug|x86.ActiveCfg = Debug|Any CPU
		{4E6F4477-3602-412E-8B25-E818F5BCA0A2}.Release|Any CPU.ActiveCfg = Release|Any CPU
		{4E6F4477-3602-412E-8B25-E818F5BCA0A2}.Release|Any CPU.Build.0 = Release|Any CPU
		{4E6F4477-3602-412E-8B25-E818F5BCA0A2}.Release|ARM.ActiveCfg = Release|Any CPU
		{4E6F4477-3602-412E-8B25-E818F5BCA0A2}.Release|x86.ActiveCfg = Release|Any CPU
		{DCF43062-EA1B-4F07-B31A-DC587A3A6A97}.Debug|Any CPU.ActiveCfg = Debug|Any CPU
		{DCF43062-EA1B-4F07-B31A-DC587A3A6A97}.Debug|Any CPU.Build.0 = Debug|Any CPU
		{DCF43062-EA1B-4F07-B31A-DC587A3A6A97}.Debug|ARM.ActiveCfg = Debug|ARM
		{DCF43062-EA1B-4F07-B31A-DC587A3A6A97}.Debug|ARM.Build.0 = Debug|ARM
		{DCF43062-EA1B-4F07-B31A-DC587A3A6A97}.Debug|x86.ActiveCfg = Debug|x86
		{DCF43062-EA1B-4F07-B31A-DC587A3A6A97}.Debug|x86.Build.0 = Debug|x86
		{DCF43062-EA1B-4F07-B31A-DC587A3A6A97}.Release|Any CPU.ActiveCfg = Release|Any CPU
		{DCF43062-EA1B-4F07-B31A-DC587A3A6A97}.Release|Any CPU.Build.0 = Release|Any CPU
		{DCF43062-EA1B-4F07-B31A-DC587A3A6A97}.Release|ARM.ActiveCfg = Release|ARM
		{DCF43062-EA1B-4F07-B31A-DC587A3A6A97}.Release|ARM.Build.0 = Release|ARM
		{DCF43062-EA1B-4F07-B31A-DC587A3A6A97}.Release|x86.ActiveCfg = Release|x86
		{DCF43062-EA1B-4F07-B31A-DC587A3A6A97}.Release|x86.Build.0 = Release|x86
	EndGlobalSection
	GlobalSection(SolutionProperties) = preSolution
		HideSolutionNode = FALSE
	EndGlobalSection
EndGlobal
