
Microsoft Visual Studio Solution File, Format Version 12.00
# Visual Studio 2013
VisualStudioVersion = 12.0.30501.0
MinimumVisualStudioVersion = 10.0.40219.1
Project("{FAE04EC0-301F-11D3-BF4B-00C04F79EFBC}") = "MvvmTests", "MvvmTests\MvvmTests.csproj", "{07C03C10-BE66-4FB4-AB59-AC76301E93FF}"
EndProject
Project("{FAE04EC0-301F-11D3-BF4B-00C04F79EFBC}") = "TestConsole", "TestConsole\TestConsole.csproj", "{17FBEB28-6CB0-490D-89E1-06062C1D7BFF}"
EndProject
Project("{FAE04EC0-301F-11D3-BF4B-00C04F79EFBC}") = "ReferenceCode", "ReferenceCode\ReferenceCode.csproj", "{1A787F04-856F-4B25-8EE8-D27218F7F8D5}"
EndProject
Project("{F2A71F9B-5D33-465A-A702-920D77279786}") = "MvvmFS", "DuckTypingFS\MvvmFS.fsproj", "{4E6F4477-3602-412E-8B25-E818F5BCA0A2}"
EndProject
Project("{FAE04EC0-301F-11D3-BF4B-00C04F79EFBC}") = "TypeMapper", "TypeMapper\TypeMapper.csproj", "{57DACB07-C97A-4660-B15C-01A0609BFD9F}"
EndProject
Project("{FAE04EC0-301F-11D3-BF4B-00C04F79EFBC}") = "MvvmTests_NET40", "MvvmTests\MvvmTests_NET40.csproj", "{2257DC83-3D0B-4958-8BA0-677C06CA7BD2}"
EndProject
Project("{2150E333-8FDC-42A3-9474-1A3956D46DE8}") = "Mvvm", "Mvvm", "{79AFE1D3-9924-47A1-8BDE-970CC0B2172C}"
EndProject
Project("{2150E333-8FDC-42A3-9474-1A3956D46DE8}") = "Mvvm.Test", "Mvvm.Test", "{550E8AAE-CF03-408E-BA8A-E6BEC91AE6C2}"
EndProject
Project("{2150E333-8FDC-42A3-9474-1A3956D46DE8}") = ".nuget", ".nuget", "{AB97EF0A-5C85-4AED-A033-A2A9DF34E35A}"
	ProjectSection(SolutionItems) = preProject
		.nuget\NuGet.Config = .nuget\NuGet.Config
		.nuget\NuGet.exe = .nuget\NuGet.exe
		.nuget\NuGet.targets = .nuget\NuGet.targets
	EndProjectSection
EndProject
Project("{FAE04EC0-301F-11D3-BF4B-00C04F79EFBC}") = "Mvvm", "Mvvm\Mvvm\Mvvm.csproj", "{14CDF2D3-403E-4C4C-8718-990914680286}"
EndProject
Project("{FAE04EC0-301F-11D3-BF4B-00C04F79EFBC}") = "Mvvm_NET40", "Mvvm\Mvvm_NET40\Mvvm_NET40.csproj", "{9E9E8F76-2804-4AF7-84E5-1FAA7CC059D6}"
EndProject
Project("{FAE04EC0-301F-11D3-BF4B-00C04F79EFBC}") = "Mvvm_Universal", "Mvvm\Mvvm_Universal\Mvvm_Universal.csproj", "{84800CB3-AFF5-41FD-A5FE-DBA3D9CE7F9F}"
EndProject
Project("{FAE04EC0-301F-11D3-BF4B-00C04F79EFBC}") = "Mvvm_WP8", "Mvvm\Mvvm_WP8\Mvvm_WP8.csproj", "{DCF43062-EA1B-4F07-B31A-DC587A3A6A97}"
EndProject
Project("{D954291E-2A0B-460D-934E-DC6B0785DB48}") = "src", "Mvvm\src\src.shproj", "{13EE4E85-A193-4BED-9405-05C205492A28}"
EndProject
Global
	GlobalSection(SharedMSBuildProjectFiles) = preSolution
		Mvvm\src\src.projitems*{9e9e8f76-2804-4af7-84e5-1faa7cc059d6}*SharedItemsImports = 4
		Mvvm\src\src.projitems*{13ee4e85-a193-4bed-9405-05c205492a28}*SharedItemsImports = 13
		Mvvm\src\src.projitems*{14cdf2d3-403e-4c4c-8718-990914680286}*SharedItemsImports = 4
		Mvvm\src\src.projitems*{dcf43062-ea1b-4f07-b31a-dc587a3a6a97}*SharedItemsImports = 4
		Mvvm\src\src.projitems*{84800cb3-aff5-41fd-a5fe-dba3d9ce7f9f}*SharedItemsImports = 4
	EndGlobalSection
	GlobalSection(SolutionConfigurationPlatforms) = preSolution
		Debug|Any CPU = Debug|Any CPU
		Debug|ARM = Debug|ARM
		Debug|x86 = Debug|x86
		Release|Any CPU = Release|Any CPU
		Release|ARM = Release|ARM
		Release|x86 = Release|x86
	EndGlobalSection
	GlobalSection(ProjectConfigurationPlatforms) = postSolution
		{07C03C10-BE66-4FB4-AB59-AC76301E93FF}.Debug|Any CPU.ActiveCfg = Debug|Any CPU
		{07C03C10-BE66-4FB4-AB59-AC76301E93FF}.Debug|Any CPU.Build.0 = Debug|Any CPU
		{07C03C10-BE66-4FB4-AB59-AC76301E93FF}.Debug|ARM.ActiveCfg = Debug|Any CPU
		{07C03C10-BE66-4FB4-AB59-AC76301E93FF}.Debug|x86.ActiveCfg = Debug|x86
		{07C03C10-BE66-4FB4-AB59-AC76301E93FF}.Debug|x86.Build.0 = Debug|x86
		{07C03C10-BE66-4FB4-AB59-AC76301E93FF}.Release|Any CPU.ActiveCfg = Release|Any CPU
		{07C03C10-BE66-4FB4-AB59-AC76301E93FF}.Release|Any CPU.Build.0 = Release|Any CPU
		{07C03C10-BE66-4FB4-AB59-AC76301E93FF}.Release|ARM.ActiveCfg = Release|Any CPU
		{07C03C10-BE66-4FB4-AB59-AC76301E93FF}.Release|x86.ActiveCfg = Release|x86
		{07C03C10-BE66-4FB4-AB59-AC76301E93FF}.Release|x86.Build.0 = Release|x86
		{17FBEB28-6CB0-490D-89E1-06062C1D7BFF}.Debug|Any CPU.ActiveCfg = Debug|Any CPU
		{17FBEB28-6CB0-490D-89E1-06062C1D7BFF}.Debug|Any CPU.Build.0 = Debug|Any CPU
		{17FBEB28-6CB0-490D-89E1-06062C1D7BFF}.Debug|ARM.ActiveCfg = Debug|Any CPU
		{17FBEB28-6CB0-490D-89E1-06062C1D7BFF}.Debug|x86.ActiveCfg = Debug|x86
		{17FBEB28-6CB0-490D-89E1-06062C1D7BFF}.Debug|x86.Build.0 = Debug|x86
		{17FBEB28-6CB0-490D-89E1-06062C1D7BFF}.Release|Any CPU.ActiveCfg = Release|Any CPU
		{17FBEB28-6CB0-490D-89E1-06062C1D7BFF}.Release|Any CPU.Build.0 = Release|Any CPU
		{17FBEB28-6CB0-490D-89E1-06062C1D7BFF}.Release|ARM.ActiveCfg = Release|Any CPU
		{17FBEB28-6CB0-490D-89E1-06062C1D7BFF}.Release|x86.ActiveCfg = Release|x86
		{17FBEB28-6CB0-490D-89E1-06062C1D7BFF}.Release|x86.Build.0 = Release|x86
		{1A787F04-856F-4B25-8EE8-D27218F7F8D5}.Debug|Any CPU.ActiveCfg = Debug|Any CPU
		{1A787F04-856F-4B25-8EE8-D27218F7F8D5}.Debug|Any CPU.Build.0 = Debug|Any CPU
		{1A787F04-856F-4B25-8EE8-D27218F7F8D5}.Debug|ARM.ActiveCfg = Debug|Any CPU
		{1A787F04-856F-4B25-8EE8-D27218F7F8D5}.Debug|x86.ActiveCfg = Debug|Any CPU
		{1A787F04-856F-4B25-8EE8-D27218F7F8D5}.Release|Any CPU.ActiveCfg = Release|Any CPU
		{1A787F04-856F-4B25-8EE8-D27218F7F8D5}.Release|Any CPU.Build.0 = Release|Any CPU
		{1A787F04-856F-4B25-8EE8-D27218F7F8D5}.Release|ARM.ActiveCfg = Release|Any CPU
		{1A787F04-856F-4B25-8EE8-D27218F7F8D5}.Release|x86.ActiveCfg = Release|Any CPU
		{4E6F4477-3602-412E-8B25-E818F5BCA0A2}.Debug|Any CPU.ActiveCfg = Debug|Any CPU
		{4E6F4477-3602-412E-8B25-E818F5BCA0A2}.Debug|Any CPU.Build.0 = Debug|Any CPU
		{4E6F4477-3602-412E-8B25-E818F5BCA0A2}.Debug|ARM.ActiveCfg = Debug|Any CPU
		{4E6F4477-3602-412E-8B25-E818F5BCA0A2}.Debug|x86.ActiveCfg = Debug|Any CPU
		{4E6F4477-3602-412E-8B25-E818F5BCA0A2}.Release|Any CPU.ActiveCfg = Release|Any CPU
		{4E6F4477-3602-412E-8B25-E818F5BCA0A2}.Release|Any CPU.Build.0 = Release|Any CPU
		{4E6F4477-3602-412E-8B25-E818F5BCA0A2}.Release|ARM.ActiveCfg = Release|Any CPU
		{4E6F4477-3602-412E-8B25-E818F5BCA0A2}.Release|x86.ActiveCfg = Release|Any CPU
		{57DACB07-C97A-4660-B15C-01A0609BFD9F}.Debug|Any CPU.ActiveCfg = Debug|Any CPU
		{57DACB07-C97A-4660-B15C-01A0609BFD9F}.Debug|Any CPU.Build.0 = Debug|Any CPU
		{57DACB07-C97A-4660-B15C-01A0609BFD9F}.Debug|ARM.ActiveCfg = Debug|Any CPU
		{57DACB07-C97A-4660-B15C-01A0609BFD9F}.Debug|x86.ActiveCfg = Debug|Any CPU
		{57DACB07-C97A-4660-B15C-01A0609BFD9F}.Release|Any CPU.ActiveCfg = Release|Any CPU
		{57DACB07-C97A-4660-B15C-01A0609BFD9F}.Release|Any CPU.Build.0 = Release|Any CPU
		{57DACB07-C97A-4660-B15C-01A0609BFD9F}.Release|ARM.ActiveCfg = Release|Any CPU
		{57DACB07-C97A-4660-B15C-01A0609BFD9F}.Release|x86.ActiveCfg = Release|Any CPU
		{2257DC83-3D0B-4958-8BA0-677C06CA7BD2}.Debug|Any CPU.ActiveCfg = Debug|Any CPU
		{2257DC83-3D0B-4958-8BA0-677C06CA7BD2}.Debug|Any CPU.Build.0 = Debug|Any CPU
		{2257DC83-3D0B-4958-8BA0-677C06CA7BD2}.Debug|ARM.ActiveCfg = Debug|Any CPU
		{2257DC83-3D0B-4958-8BA0-677C06CA7BD2}.Debug|x86.ActiveCfg = Debug|x86
		{2257DC83-3D0B-4958-8BA0-677C06CA7BD2}.Debug|x86.Build.0 = Debug|x86
		{2257DC83-3D0B-4958-8BA0-677C06CA7BD2}.Release|Any CPU.ActiveCfg = Release|Any CPU
		{2257DC83-3D0B-4958-8BA0-677C06CA7BD2}.Release|Any CPU.Build.0 = Release|Any CPU
		{2257DC83-3D0B-4958-8BA0-677C06CA7BD2}.Release|ARM.ActiveCfg = Release|Any CPU
		{2257DC83-3D0B-4958-8BA0-677C06CA7BD2}.Release|x86.ActiveCfg = Release|x86
		{2257DC83-3D0B-4958-8BA0-677C06CA7BD2}.Release|x86.Build.0 = Release|x86
		{14CDF2D3-403E-4C4C-8718-990914680286}.Debug|Any CPU.ActiveCfg = Debug|Any CPU
		{14CDF2D3-403E-4C4C-8718-990914680286}.Debug|Any CPU.Build.0 = Debug|Any CPU
		{14CDF2D3-403E-4C4C-8718-990914680286}.Debug|ARM.ActiveCfg = Debug|Any CPU
		{14CDF2D3-403E-4C4C-8718-990914680286}.Debug|x86.ActiveCfg = Debug|x86
		{14CDF2D3-403E-4C4C-8718-990914680286}.Debug|x86.Build.0 = Debug|x86
		{14CDF2D3-403E-4C4C-8718-990914680286}.Release|Any CPU.ActiveCfg = Release|Any CPU
		{14CDF2D3-403E-4C4C-8718-990914680286}.Release|Any CPU.Build.0 = Release|Any CPU
		{14CDF2D3-403E-4C4C-8718-990914680286}.Release|ARM.ActiveCfg = Release|Any CPU
		{14CDF2D3-403E-4C4C-8718-990914680286}.Release|x86.ActiveCfg = Release|x86
		{14CDF2D3-403E-4C4C-8718-990914680286}.Release|x86.Build.0 = Release|x86
		{9E9E8F76-2804-4AF7-84E5-1FAA7CC059D6}.Debug|Any CPU.ActiveCfg = Debug|Any CPU
		{9E9E8F76-2804-4AF7-84E5-1FAA7CC059D6}.Debug|Any CPU.Build.0 = Debug|Any CPU
		{9E9E8F76-2804-4AF7-84E5-1FAA7CC059D6}.Debug|ARM.ActiveCfg = Debug|Any CPU
		{9E9E8F76-2804-4AF7-84E5-1FAA7CC059D6}.Debug|x86.ActiveCfg = Debug|x86
		{9E9E8F76-2804-4AF7-84E5-1FAA7CC059D6}.Debug|x86.Build.0 = Debug|x86
		{9E9E8F76-2804-4AF7-84E5-1FAA7CC059D6}.Release|Any CPU.ActiveCfg = Release|Any CPU
		{9E9E8F76-2804-4AF7-84E5-1FAA7CC059D6}.Release|Any CPU.Build.0 = Release|Any CPU
		{9E9E8F76-2804-4AF7-84E5-1FAA7CC059D6}.Release|ARM.ActiveCfg = Release|Any CPU
		{9E9E8F76-2804-4AF7-84E5-1FAA7CC059D6}.Release|x86.ActiveCfg = Release|x86
		{9E9E8F76-2804-4AF7-84E5-1FAA7CC059D6}.Release|x86.Build.0 = Release|x86
		{84800CB3-AFF5-41FD-A5FE-DBA3D9CE7F9F}.Debug|Any CPU.ActiveCfg = Debug|Any CPU
		{84800CB3-AFF5-41FD-A5FE-DBA3D9CE7F9F}.Debug|Any CPU.Build.0 = Debug|Any CPU
		{84800CB3-AFF5-41FD-A5FE-DBA3D9CE7F9F}.Debug|ARM.ActiveCfg = Debug|Any CPU
		{84800CB3-AFF5-41FD-A5FE-DBA3D9CE7F9F}.Debug|x86.ActiveCfg = Debug|Any CPU
		{84800CB3-AFF5-41FD-A5FE-DBA3D9CE7F9F}.Release|Any CPU.ActiveCfg = Release|Any CPU
		{84800CB3-AFF5-41FD-A5FE-DBA3D9CE7F9F}.Release|Any CPU.Build.0 = Release|Any CPU
		{84800CB3-AFF5-41FD-A5FE-DBA3D9CE7F9F}.Release|ARM.ActiveCfg = Release|Any CPU
		{84800CB3-AFF5-41FD-A5FE-DBA3D9CE7F9F}.Release|x86.ActiveCfg = Release|Any CPU
		{DCF43062-EA1B-4F07-B31A-DC587A3A6A97}.Debug|Any CPU.ActiveCfg = Debug|Any CPU
		{DCF43062-EA1B-4F07-B31A-DC587A3A6A97}.Debug|Any CPU.Build.0 = Debug|Any CPU
		{DCF43062-EA1B-4F07-B31A-DC587A3A6A97}.Debug|ARM.ActiveCfg = Debug|ARM
		{DCF43062-EA1B-4F07-B31A-DC587A3A6A97}.Debug|ARM.Build.0 = Debug|ARM
		{DCF43062-EA1B-4F07-B31A-DC587A3A6A97}.Debug|x86.ActiveCfg = Debug|x86
		{DCF43062-EA1B-4F07-B31A-DC587A3A6A97}.Debug|x86.Build.0 = Debug|x86
		{DCF43062-EA1B-4F07-B31A-DC587A3A6A97}.Release|Any CPU.ActiveCfg = Release|Any CPU
		{DCF43062-EA1B-4F07-B31A-DC587A3A6A97}.Release|Any CPU.Build.0 = Release|Any CPU
		{DCF43062-EA1B-4F07-B31A-DC587A3A6A97}.Release|ARM.ActiveCfg = Release|ARM
		{DCF43062-EA1B-4F07-B31A-DC587A3A6A97}.Release|ARM.Build.0 = Release|ARM
		{DCF43062-EA1B-4F07-B31A-DC587A3A6A97}.Release|x86.ActiveCfg = Release|x86
		{DCF43062-EA1B-4F07-B31A-DC587A3A6A97}.Release|x86.Build.0 = Release|x86
	EndGlobalSection
	GlobalSection(SolutionProperties) = preSolution
		HideSolutionNode = FALSE
	EndGlobalSection
	GlobalSection(NestedProjects) = preSolution
		{07C03C10-BE66-4FB4-AB59-AC76301E93FF} = {550E8AAE-CF03-408E-BA8A-E6BEC91AE6C2}
		{2257DC83-3D0B-4958-8BA0-677C06CA7BD2} = {550E8AAE-CF03-408E-BA8A-E6BEC91AE6C2}
		{14CDF2D3-403E-4C4C-8718-990914680286} = {79AFE1D3-9924-47A1-8BDE-970CC0B2172C}
		{9E9E8F76-2804-4AF7-84E5-1FAA7CC059D6} = {79AFE1D3-9924-47A1-8BDE-970CC0B2172C}
		{84800CB3-AFF5-41FD-A5FE-DBA3D9CE7F9F} = {79AFE1D3-9924-47A1-8BDE-970CC0B2172C}
		{DCF43062-EA1B-4F07-B31A-DC587A3A6A97} = {79AFE1D3-9924-47A1-8BDE-970CC0B2172C}
		{13EE4E85-A193-4BED-9405-05C205492A28} = {79AFE1D3-9924-47A1-8BDE-970CC0B2172C}
	EndGlobalSection
EndGlobal
